
Microsoft Visual Studio Solution File, Format Version 12.00
# Visual Studio Version 16
VisualStudioVersion = 16.0.28803.352
MinimumVisualStudioVersion = 10.0.40219.1
Project("{8BC9CEB8-8B4A-11D0-8D11-00A0C91BC942}") = "AVL Tree Insert", "AVL Tree Insert\AVL Tree Insert.vcxproj", "{8B2755A6-2B8C-4CE9-BB15-6486AE69F2E3}"
EndProject
Global
	GlobalSection(SolutionConfigurationPlatforms) = preSolution
		Debug|x64 = Debug|x64
		Debug|x86 = Debug|x86
		Release|x64 = Release|x64
		Release|x86 = Release|x86
	EndGlobalSection
	GlobalSection(ProjectConfigurationPlatforms) = postSolution
		{8B2755A6-2B8C-4CE9-BB15-6486AE69F2E3}.Debug|x64.ActiveCfg = Debug|x64
		{8B2755A6-2B8C-4CE9-BB15-6486AE69F2E3}.Debug|x64.Build.0 = Debug|x64
		{8B2755A6-2B8C-4CE9-BB15-6486AE69F2E3}.Debug|x86.ActiveCfg = Debug|Win32
		{8B2755A6-2B8C-4CE9-BB15-6486AE69F2E3}.Debug|x86.Build.0 = Debug|Win32
		{8B2755A6-2B8C-4CE9-BB15-6486AE69F2E3}.Release|x64.ActiveCfg = Release|x64
		{8B2755A6-2B8C-4CE9-BB15-6486AE69F2E3}.Release|x64.Build.0 = Release|x64
		{8B2755A6-2B8C-4CE9-BB15-6486AE69F2E3}.Release|x86.ActiveCfg = Release|Win32
		{8B2755A6-2B8C-4CE9-BB15-6486AE69F2E3}.Release|x86.Build.0 = Release|Win32
	EndGlobalSection
	GlobalSection(SolutionProperties) = preSolution
		HideSolutionNode = FALSE
	EndGlobalSection
	GlobalSection(ExtensibilityGlobals) = postSolution
		SolutionGuid = {BF52247A-531D-4A24-AA1A-710E0500A409}
	EndGlobalSection
EndGlobal
